// !$*UTF8*$!
{
	archiveVersion = 1;
	classes = {
	};
	objectVersion = 46;
	objects = {

/* Begin PBXBuildFile section */
		29542DDA19623B170003BFA6 /* Foundation.framework in Frameworks */ = {isa = PBXBuildFile; fileRef = 29542DD919623B170003BFA6 /* Foundation.framework */; };
		29542DDC19623B170003BFA6 /* CoreGraphics.framework in Frameworks */ = {isa = PBXBuildFile; fileRef = 29542DDB19623B170003BFA6 /* CoreGraphics.framework */; };
		29542DDE19623B170003BFA6 /* UIKit.framework in Frameworks */ = {isa = PBXBuildFile; fileRef = 29542DDD19623B170003BFA6 /* UIKit.framework */; };
		29542DE419623B170003BFA6 /* InfoPlist.strings in Resources */ = {isa = PBXBuildFile; fileRef = 29542DE219623B170003BFA6 /* InfoPlist.strings */; };
		29542DE619623B170003BFA6 /* main.m in Sources */ = {isa = PBXBuildFile; fileRef = 29542DE519623B170003BFA6 /* main.m */; };
		29542DEA19623B170003BFA6 /* RWTAppDelegate.m in Sources */ = {isa = PBXBuildFile; fileRef = 29542DE919623B170003BFA6 /* RWTAppDelegate.m */; };
		29542DEC19623B170003BFA6 /* Images.xcassets in Resources */ = {isa = PBXBuildFile; fileRef = 29542DEB19623B170003BFA6 /* Images.xcassets */; };
		29542DF319623B170003BFA6 /* XCTest.framework in Frameworks */ = {isa = PBXBuildFile; fileRef = 29542DF219623B170003BFA6 /* XCTest.framework */; };
		29542DF419623B170003BFA6 /* Foundation.framework in Frameworks */ = {isa = PBXBuildFile; fileRef = 29542DD919623B170003BFA6 /* Foundation.framework */; };
		29542DF519623B170003BFA6 /* UIKit.framework in Frameworks */ = {isa = PBXBuildFile; fileRef = 29542DDD19623B170003BFA6 /* UIKit.framework */; };
		29542DFD19623B170003BFA6 /* InfoPlist.strings in Resources */ = {isa = PBXBuildFile; fileRef = 29542DFB19623B170003BFA6 /* InfoPlist.strings */; };
		29542DFF19623B170003BFA6 /* PopDemosTests.m in Sources */ = {isa = PBXBuildFile; fileRef = 29542DFE19623B170003BFA6 /* PopDemosTests.m */; };
/* End PBXBuildFile section */

/* Begin PBXContainerItemProxy section */
		29542DF619623B170003BFA6 /* PBXContainerItemProxy */ = {
			isa = PBXContainerItemProxy;
			containerPortal = 29542DCE19623B170003BFA6 /* Project object */;
			proxyType = 1;
			remoteGlobalIDString = 29542DD519623B170003BFA6;
			remoteInfo = PopDemos;
		};
/* End PBXContainerItemProxy section */

/* Begin PBXFileReference section */
		29542DD619623B170003BFA6 /* PopDemos.app */ = {isa = PBXFileReference; explicitFileType = wrapper.application; includeInIndex = 0; path = PopDemos.app; sourceTree = BUILT_PRODUCTS_DIR; };
		29542DD919623B170003BFA6 /* Foundation.framework */ = {isa = PBXFileReference; lastKnownFileType = wrapper.framework; name = Foundation.framework; path = System/Library/Frameworks/Foundation.framework; sourceTree = SDKROOT; };
		29542DDB19623B170003BFA6 /* CoreGraphics.framework */ = {isa = PBXFileReference; lastKnownFileType = wrapper.framework; name = CoreGraphics.framework; path = System/Library/Frameworks/CoreGraphics.framework; sourceTree = SDKROOT; };
		29542DDD19623B170003BFA6 /* UIKit.framework */ = {isa = PBXFileReference; lastKnownFileType = wrapper.framework; name = UIKit.framework; path = System/Library/Frameworks/UIKit.framework; sourceTree = SDKROOT; };
		29542DE119623B170003BFA6 /* PopDemos-Info.plist */ = {isa = PBXFileReference; lastKnownFileType = text.plist.xml; path = "PopDemos-Info.plist"; sourceTree = "<group>"; };
		29542DE319623B170003BFA6 /* en */ = {isa = PBXFileReference; lastKnownFileType = text.plist.strings; name = en; path = en.lproj/InfoPlist.strings; sourceTree = "<group>"; };
		29542DE519623B170003BFA6 /* main.m */ = {isa = PBXFileReference; lastKnownFileType = sourcecode.c.objc; path = main.m; sourceTree = "<group>"; };
		29542DE719623B170003BFA6 /* PopDemos-Prefix.pch */ = {isa = PBXFileReference; lastKnownFileType = sourcecode.c.h; path = "PopDemos-Prefix.pch"; sourceTree = "<group>"; };
		29542DE819623B170003BFA6 /* RWTAppDelegate.h */ = {isa = PBXFileReference; lastKnownFileType = sourcecode.c.h; path = RWTAppDelegate.h; sourceTree = "<group>"; };
		29542DE919623B170003BFA6 /* RWTAppDelegate.m */ = {isa = PBXFileReference; lastKnownFileType = sourcecode.c.objc; path = RWTAppDelegate.m; sourceTree = "<group>"; };
		29542DEB19623B170003BFA6 /* Images.xcassets */ = {isa = PBXFileReference; lastKnownFileType = folder.assetcatalog; path = Images.xcassets; sourceTree = "<group>"; };
		29542DF119623B170003BFA6 /* PopDemosTests.xctest */ = {isa = PBXFileReference; explicitFileType = wrapper.cfbundle; includeInIndex = 0; path = PopDemosTests.xctest; sourceTree = BUILT_PRODUCTS_DIR; };
		29542DF219623B170003BFA6 /* XCTest.framework */ = {isa = PBXFileReference; lastKnownFileType = wrapper.framework; name = XCTest.framework; path = Library/Frameworks/XCTest.framework; sourceTree = DEVELOPER_DIR; };
		29542DFA19623B170003BFA6 /* PopDemosTests-Info.plist */ = {isa = PBXFileReference; lastKnownFileType = text.plist.xml; path = "PopDemosTests-Info.plist"; sourceTree = "<group>"; };
		29542DFC19623B170003BFA6 /* en */ = {isa = PBXFileReference; lastKnownFileType = text.plist.strings; name = en; path = en.lproj/InfoPlist.strings; sourceTree = "<group>"; };
		29542DFE19623B170003BFA6 /* PopDemosTests.m */ = {isa = PBXFileReference; lastKnownFileType = sourcecode.c.objc; path = PopDemosTests.m; sourceTree = "<group>"; };
/* End PBXFileReference section */

/* Begin PBXFrameworksBuildPhase section */
		29542DD319623B170003BFA6 /* Frameworks */ = {
			isa = PBXFrameworksBuildPhase;
			buildActionMask = 2147483647;
			files = (
				29542DDC19623B170003BFA6 /* CoreGraphics.framework in Frameworks */,
				29542DDE19623B170003BFA6 /* UIKit.framework in Frameworks */,
				29542DDA19623B170003BFA6 /* Foundation.framework in Frameworks */,
			);
			runOnlyForDeploymentPostprocessing = 0;
		};
		29542DEE19623B170003BFA6 /* Frameworks */ = {
			isa = PBXFrameworksBuildPhase;
			buildActionMask = 2147483647;
			files = (
				29542DF319623B170003BFA6 /* XCTest.framework in Frameworks */,
				29542DF519623B170003BFA6 /* UIKit.framework in Frameworks */,
				29542DF419623B170003BFA6 /* Foundation.framework in Frameworks */,
			);
			runOnlyForDeploymentPostprocessing = 0;
		};
/* End PBXFrameworksBuildPhase section */

/* Begin PBXGroup section */
		29542DCD19623B170003BFA6 = {
			isa = PBXGroup;
			children = (
				29542DDF19623B170003BFA6 /* PopDemos */,
				29542DF819623B170003BFA6 /* PopDemosTests */,
				29542DD819623B170003BFA6 /* Frameworks */,
				29542DD719623B170003BFA6 /* Products */,
			);
			sourceTree = "<group>";
		};
		29542DD719623B170003BFA6 /* Products */ = {
			isa = PBXGroup;
			children = (
				29542DD619623B170003BFA6 /* PopDemos.app */,
				29542DF119623B170003BFA6 /* PopDemosTests.xctest */,
			);
			name = Products;
			sourceTree = "<group>";
		};
		29542DD819623B170003BFA6 /* Frameworks */ = {
			isa = PBXGroup;
			children = (
				29542DD919623B170003BFA6 /* Foundation.framework */,
				29542DDB19623B170003BFA6 /* CoreGraphics.framework */,
				29542DDD19623B170003BFA6 /* UIKit.framework */,
				29542DF219623B170003BFA6 /* XCTest.framework */,
			);
			name = Frameworks;
			sourceTree = "<group>";
		};
		29542DDF19623B170003BFA6 /* PopDemos */ = {
			isa = PBXGroup;
			children = (
				29542DE819623B170003BFA6 /* RWTAppDelegate.h */,
				29542DE919623B170003BFA6 /* RWTAppDelegate.m */,
				29542DEB19623B170003BFA6 /* Images.xcassets */,
				29542DE019623B170003BFA6 /* Supporting Files */,
			);
			path = PopDemos;
			sourceTree = "<group>";
		};
		29542DE019623B170003BFA6 /* Supporting Files */ = {
			isa = PBXGroup;
			children = (
				29542DE119623B170003BFA6 /* PopDemos-Info.plist */,
				29542DE219623B170003BFA6 /* InfoPlist.strings */,
				29542DE519623B170003BFA6 /* main.m */,
				29542DE719623B170003BFA6 /* PopDemos-Prefix.pch */,
			);
			name = "Supporting Files";
			sourceTree = "<group>";
		};
		29542DF819623B170003BFA6 /* PopDemosTests */ = {
			isa = PBXGroup;
			children = (
				29542DFE19623B170003BFA6 /* PopDemosTests.m */,
				29542DF919623B170003BFA6 /* Supporting Files */,
			);
			path = PopDemosTests;
			sourceTree = "<group>";
		};
		29542DF919623B170003BFA6 /* Supporting Files */ = {
			isa = PBXGroup;
			children = (
				29542DFA19623B170003BFA6 /* PopDemosTests-Info.plist */,
				29542DFB19623B170003BFA6 /* InfoPlist.strings */,
			);
			name = "Supporting Files";
			sourceTree = "<group>";
		};
/* End PBXGroup section */

/* Begin PBXNativeTarget section */
		29542DD519623B170003BFA6 /* PopDemos */ = {
			isa = PBXNativeTarget;
			buildConfigurationList = 29542E0219623B170003BFA6 /* Build configuration list for PBXNativeTarget "PopDemos" */;
			buildPhases = (
				29542DD219623B170003BFA6 /* Sources */,
				29542DD319623B170003BFA6 /* Frameworks */,
				29542DD419623B170003BFA6 /* Resources */,
			);
			buildRules = (
			);
			dependencies = (
			);
			name = PopDemos;
			productName = PopDemos;
			productReference = 29542DD619623B170003BFA6 /* PopDemos.app */;
			productType = "com.apple.product-type.application";
		};
		29542DF019623B170003BFA6 /* PopDemosTests */ = {
			isa = PBXNativeTarget;
			buildConfigurationList = 29542E0519623B170003BFA6 /* Build configuration list for PBXNativeTarget "PopDemosTests" */;
			buildPhases = (
				29542DED19623B170003BFA6 /* Sources */,
				29542DEE19623B170003BFA6 /* Frameworks */,
				29542DEF19623B170003BFA6 /* Resources */,
			);
			buildRules = (
			);
			dependencies = (
				29542DF719623B170003BFA6 /* PBXTargetDependency */,
			);
			name = PopDemosTests;
			productName = PopDemosTests;
			productReference = 29542DF119623B170003BFA6 /* PopDemosTests.xctest */;
			productType = "com.apple.product-type.bundle.unit-test";
		};
/* End PBXNativeTarget section */

/* Begin PBXProject section */
		29542DCE19623B170003BFA6 /* Project object */ = {
			isa = PBXProject;
			attributes = {
				CLASSPREFIX = RWT;
				LastUpgradeCheck = 0510;
				ORGANIZATIONNAME = "Ryan Nystrom";
				TargetAttributes = {
					29542DF019623B170003BFA6 = {
						TestTargetID = 29542DD519623B170003BFA6;
					};
				};
			};
			buildConfigurationList = 29542DD119623B170003BFA6 /* Build configuration list for PBXProject "PopDemos" */;
			compatibilityVersion = "Xcode 3.2";
			developmentRegion = English;
			hasScannedForEncodings = 0;
			knownRegions = (
				en,
			);
			mainGroup = 29542DCD19623B170003BFA6;
			productRefGroup = 29542DD719623B170003BFA6 /* Products */;
			projectDirPath = "";
			projectRoot = "";
			targets = (
				29542DD519623B170003BFA6 /* PopDemos */,
				29542DF019623B170003BFA6 /* PopDemosTests */,
			);
		};
/* End PBXProject section */

/* Begin PBXResourcesBuildPhase section */
		29542DD419623B170003BFA6 /* Resources */ = {
			isa = PBXResourcesBuildPhase;
			buildActionMask = 2147483647;
			files = (
				29542DE419623B170003BFA6 /* InfoPlist.strings in Resources */,
				29542DEC19623B170003BFA6 /* Images.xcassets in Resources */,
			);
			runOnlyForDeploymentPostprocessing = 0;
		};
		29542DEF19623B170003BFA6 /* Resources */ = {
			isa = PBXResourcesBuildPhase;
			buildActionMask = 2147483647;
			files = (
				29542DFD19623B170003BFA6 /* InfoPlist.strings in Resources */,
			);
			runOnlyForDeploymentPostprocessing = 0;
		};
/* End PBXResourcesBuildPhase section */

/* Begin PBXSourcesBuildPhase section */
		29542DD219623B170003BFA6 /* Sources */ = {
			isa = PBXSourcesBuildPhase;
			buildActionMask = 2147483647;
			files = (
				29542DEA19623B170003BFA6 /* RWTAppDelegate.m in Sources */,
				29542DE619623B170003BFA6 /* main.m in Sources */,
			);
			runOnlyForDeploymentPostprocessing = 0;
		};
		29542DED19623B170003BFA6 /* Sources */ = {
			isa = PBXSourcesBuildPhase;
			buildActionMask = 2147483647;
			files = (
				29542DFF19623B170003BFA6 /* PopDemosTests.m in Sources */,
			);
			runOnlyForDeploymentPostprocessing = 0;
		};
/* End PBXSourcesBuildPhase section */

/* Begin PBXTargetDependency section */
		29542DF719623B170003BFA6 /* PBXTargetDependency */ = {
			isa = PBXTargetDependency;
			target = 29542DD519623B170003BFA6 /* PopDemos */;
			targetProxy = 29542DF619623B170003BFA6 /* PBXContainerItemProxy */;
		};
/* End PBXTargetDependency section */

/* Begin PBXVariantGroup section */
		29542DE219623B170003BFA6 /* InfoPlist.strings */ = {
			isa = PBXVariantGroup;
			children = (
				29542DE319623B170003BFA6 /* en */,
			);
			name = InfoPlist.strings;
			sourceTree = "<group>";
		};
		29542DFB19623B170003BFA6 /* InfoPlist.strings */ = {
			isa = PBXVariantGroup;
			children = (
				29542DFC19623B170003BFA6 /* en */,
			);
			name = InfoPlist.strings;
			sourceTree = "<group>";
		};
/* End PBXVariantGroup section */

/* Begin XCBuildConfiguration section */
		29542E0019623B170003BFA6 /* Debug */ = {
			isa = XCBuildConfiguration;
			buildSettings = {
				ALWAYS_SEARCH_USER_PATHS = NO;
				CLANG_CXX_LANGUAGE_STANDARD = "gnu++0x";
				CLANG_CXX_LIBRARY = "libc++";
				CLANG_ENABLE_MODULES = YES;
				CLANG_ENABLE_OBJC_ARC = YES;
				CLANG_WARN_BOOL_CONVERSION = YES;
				CLANG_WARN_CONSTANT_CONVERSION = YES;
				CLANG_WARN_DIRECT_OBJC_ISA_USAGE = YES_ERROR;
				CLANG_WARN_EMPTY_BODY = YES;
				CLANG_WARN_ENUM_CONVERSION = YES;
				CLANG_WARN_INT_CONVERSION = YES;
				CLANG_WARN_OBJC_ROOT_CLASS = YES_ERROR;
				CLANG_WARN__DUPLICATE_METHOD_MATCH = YES;
				"CODE_SIGN_IDENTITY[sdk=iphoneos*]" = "iPhone Developer";
				COPY_PHASE_STRIP = NO;
				GCC_C_LANGUAGE_STANDARD = gnu99;
				GCC_DYNAMIC_NO_PIC = NO;
				GCC_OPTIMIZATION_LEVEL = 0;
				GCC_PREPROCESSOR_DEFINITIONS = (
					"DEBUG=1",
					"$(inherited)",
				);
				GCC_SYMBOLS_PRIVATE_EXTERN = NO;
				GCC_WARN_64_TO_32_BIT_CONVERSION = YES;
				GCC_WARN_ABOUT_RETURN_TYPE = YES_ERROR;
				GCC_WARN_UNDECLARED_SELECTOR = YES;
				GCC_WARN_UNINITIALIZED_AUTOS = YES_AGGRESSIVE;
				GCC_WARN_UNUSED_FUNCTION = YES;
				GCC_WARN_UNUSED_VARIABLE = YES;
				IPHONEOS_DEPLOYMENT_TARGET = 7.1;
				ONLY_ACTIVE_ARCH = YES;
				SDKROOT = iphoneos;
				TARGETED_DEVICE_FAMILY = 2;
			};
			name = Debug;
		};
		29542E0119623B170003BFA6 /* Release */ = {
			isa = XCBuildConfiguration;
			buildSettings = {
				ALWAYS_SEARCH_USER_PATHS = NO;
				CLANG_CXX_LANGUAGE_STANDARD = "gnu++0x";
				CLANG_CXX_LIBRARY = "libc++";
				CLANG_ENABLE_MODULES = YES;
				CLANG_ENABLE_OBJC_ARC = YES;
				CLANG_WARN_BOOL_CONVERSION = YES;
				CLANG_WARN_CONSTANT_CONVERSION = YES;
				CLANG_WARN_DIRECT_OBJC_ISA_USAGE = YES_ERROR;
				CLANG_WARN_EMPTY_BODY = YES;
				CLANG_WARN_ENUM_CONVERSION = YES;
				CLANG_WARN_INT_CONVERSION = YES;
				CLANG_WARN_OBJC_ROOT_CLASS = YES_ERROR;
				CLANG_WARN__DUPLICATE_METHOD_MATCH = YES;
				"CODE_SIGN_IDENTITY[sdk=iphoneos*]" = "iPhone Developer";
				COPY_PHASE_STRIP = YES;
				ENABLE_NS_ASSERTIONS = NO;
				GCC_C_LANGUAGE_STANDARD = gnu99;
				GCC_WARN_64_TO_32_BIT_CONVERSION = YES;
				GCC_WARN_ABOUT_RETURN_TYPE = YES_ERROR;
				GCC_WARN_UNDECLARED_SELECTOR = YES;
				GCC_WARN_UNINITIALIZED_AUTOS = YES_AGGRESSIVE;
				GCC_WARN_UNUSED_FUNCTION = YES;
				GCC_WARN_UNUSED_VARIABLE = YES;
				IPHONEOS_DEPLOYMENT_TARGET = 7.1;
				SDKROOT = iphoneos;
				TARGETED_DEVICE_FAMILY = 2;
				VALIDATE_PRODUCT = YES;
			};
			name = Release;
		};
		29542E0319623B170003BFA6 /* Debug */ = {
			isa = XCBuildConfiguration;
			buildSettings = {
				ASSETCATALOG_COMPILER_APPICON_NAME = AppIcon;
				ASSETCATALOG_COMPILER_LAUNCHIMAGE_NAME = LaunchImage;
				GCC_PRECOMPILE_PREFIX_HEADER = YES;
				GCC_PREFIX_HEADER = "PopDemos/PopDemos-Prefix.pch";
				INFOPLIST_FILE = "PopDemos/PopDemos-Info.plist";
				PRODUCT_NAME = "$(TARGET_NAME)";
				WRAPPER_EXTENSION = app;
			};
			name = Debug;
		};
		29542E0419623B170003BFA6 /* Release */ = {
			isa = XCBuildConfiguration;
			buildSettings = {
				ASSETCATALOG_COMPILER_APPICON_NAME = AppIcon;
				ASSETCATALOG_COMPILER_LAUNCHIMAGE_NAME = LaunchImage;
				GCC_PRECOMPILE_PREFIX_HEADER = YES;
				GCC_PREFIX_HEADER = "PopDemos/PopDemos-Prefix.pch";
				INFOPLIST_FILE = "PopDemos/PopDemos-Info.plist";
				PRODUCT_NAME = "$(TARGET_NAME)";
				WRAPPER_EXTENSION = app;
			};
			name = Release;
		};
		29542E0619623B170003BFA6 /* Debug */ = {
			isa = XCBuildConfiguration;
			buildSettings = {
				BUNDLE_LOADER = "$(BUILT_PRODUCTS_DIR)/PopDemos.app/PopDemos";
				FRAMEWORK_SEARCH_PATHS = (
					"$(SDKROOT)/Developer/Library/Frameworks",
					"$(inherited)",
					"$(DEVELOPER_FRAMEWORKS_DIR)",
				);
				GCC_PRECOMPILE_PREFIX_HEADER = YES;
				GCC_PREFIX_HEADER = "PopDemos/PopDemos-Prefix.pch";
				GCC_PREPROCESSOR_DEFINITIONS = (
					"DEBUG=1",
					"$(inherited)",
				);
				INFOPLIST_FILE = "PopDemosTests/PopDemosTests-Info.plist";
				PRODUCT_NAME = "$(TARGET_NAME)";
				TEST_HOST = "$(BUNDLE_LOADER)";
				WRAPPER_EXTENSION = xctest;
			};
			name = Debug;
		};
		29542E0719623B170003BFA6 /* Release */ = {
			isa = XCBuildConfiguration;
			buildSettings = {
				BUNDLE_LOADER = "$(BUILT_PRODUCTS_DIR)/PopDemos.app/PopDemos";
				FRAMEWORK_SEARCH_PATHS = (
					"$(SDKROOT)/Developer/Library/Frameworks",
					"$(inherited)",
					"$(DEVELOPER_FRAMEWORKS_DIR)",
				);
				GCC_PRECOMPILE_PREFIX_HEADER = YES;
				GCC_PREFIX_HEADER = "PopDemos/PopDemos-Prefix.pch";
				INFOPLIST_FILE = "PopDemosTests/PopDemosTests-Info.plist";
				PRODUCT_NAME = "$(TARGET_NAME)";
				TEST_HOST = "$(BUNDLE_LOADER)";
				WRAPPER_EXTENSION = xctest;
			};
			name = Release;
		};
/* End XCBuildConfiguration section */

/* Begin XCConfigurationList section */
		29542DD119623B170003BFA6 /* Build configuration list for PBXProject "PopDemos" */ = {
			isa = XCConfigurationList;
			buildConfigurations = (
				29542E0019623B170003BFA6 /* Debug */,
				29542E0119623B170003BFA6 /* Release */,
			);
			defaultConfigurationIsVisible = 0;
			defaultConfigurationName = Release;
		};
		29542E0219623B170003BFA6 /* Build configuration list for PBXNativeTarget "PopDemos" */ = {
			isa = XCConfigurationList;
			buildConfigurations = (
				29542E0319623B170003BFA6 /* Debug */,
				29542E0419623B170003BFA6 /* Release */,
			);
			defaultConfigurationIsVisible = 0;
		};
		29542E0519623B170003BFA6 /* Build configuration list for PBXNativeTarget "PopDemosTests" */ = {
			isa = XCConfigurationList;
			buildConfigurations = (
				29542E0619623B170003BFA6 /* Debug */,
				29542E0719623B170003BFA6 /* Release */,
			);
			defaultConfigurationIsVisible = 0;
		};
/* End XCConfigurationList section */
	};
	rootObject = 29542DCE19623B170003BFA6 /* Project object */;
}
